
Microsoft Visual Studio Solution File, Format Version 12.00
# Visual Studio Version 16
VisualStudioVersion = 16.0.32126.315
MinimumVisualStudioVersion = 10.0.40219.1
Project("{FAE04EC0-301F-11D3-BF4B-00C04F79EFBC}") = "KanbanTable", "KanbanTable\KanbanTable.csproj", "{A7CD75E0-4E22-4E43-83DD-AE8092FC6E93}"
EndProject
Global
	GlobalSection(SolutionConfigurationPlatforms) = preSolution
		Debug|Any CPU = Debug|Any CPU
		Release|Any CPU = Release|Any CPU
	EndGlobalSection
	GlobalSection(ProjectConfigurationPlatforms) = postSolution
		{A7CD75E0-4E22-4E43-83DD-AE8092FC6E93}.Debug|Any CPU.ActiveCfg = Debug|Any CPU
		{A7CD75E0-4E22-4E43-83DD-AE8092FC6E93}.Debug|Any CPU.Build.0 = Debug|Any CPU
		{A7CD75E0-4E22-4E43-83DD-AE8092FC6E93}.Release|Any CPU.ActiveCfg = Release|Any CPU
		{A7CD75E0-4E22-4E43-83DD-AE8092FC6E93}.Release|Any CPU.Build.0 = Release|Any CPU
	EndGlobalSection
	GlobalSection(SolutionProperties) = preSolution
		HideSolutionNode = FALSE
	EndGlobalSection
	GlobalSection(ExtensibilityGlobals) = postSolution
		SolutionGuid = {F48E3CFB-04BA-43D9-9C2F-CC277DBB35B8}
	EndGlobalSection
EndGlobal
